// !$*UTF8*$!
{
	archiveVersion = 1;
	classes = {
	};
	objectVersion = 50;
	objects = {

/* Begin PBXBuildFile section */
		EE416A75245837FD00EACA0E /* AppDelegate.swift in Sources */ = {isa = PBXBuildFile; fileRef = EE416A74245837FD00EACA0E /* AppDelegate.swift */; };
		EE416A77245837FD00EACA0E /* SceneDelegate.swift in Sources */ = {isa = PBXBuildFile; fileRef = EE416A76245837FD00EACA0E /* SceneDelegate.swift */; };
		EE416A79245837FD00EACA0E /* ViewController.swift in Sources */ = {isa = PBXBuildFile; fileRef = EE416A78245837FD00EACA0E /* ViewController.swift */; };
		EE416A7C245837FD00EACA0E /* Main.storyboard in Resources */ = {isa = PBXBuildFile; fileRef = EE416A7A245837FD00EACA0E /* Main.storyboard */; };
		EE416A7E2458380200EACA0E /* Assets.xcassets in Resources */ = {isa = PBXBuildFile; fileRef = EE416A7D2458380200EACA0E /* Assets.xcassets */; };
		EE416A812458380200EACA0E /* LaunchScreen.storyboard in Resources */ = {isa = PBXBuildFile; fileRef = EE416A7F2458380200EACA0E /* LaunchScreen.storyboard */; };
		EE416A8F24585CCA00EACA0E /* UITableView+AutoScroll.swift in Sources */ = {isa = PBXBuildFile; fileRef = EE416A8E24585CCA00EACA0E /* UITableView+AutoScroll.swift */; };
/* End PBXBuildFile section */

/* Begin PBXFileReference section */
		EE416A71245837FD00EACA0E /* ShowMeCats.app */ = {isa = PBXFileReference; explicitFileType = wrapper.application; includeInIndex = 0; path = ShowMeCats.app; sourceTree = BUILT_PRODUCTS_DIR; };
		EE416A74245837FD00EACA0E /* AppDelegate.swift */ = {isa = PBXFileReference; lastKnownFileType = sourcecode.swift; path = AppDelegate.swift; sourceTree = "<group>"; };
		EE416A76245837FD00EACA0E /* SceneDelegate.swift */ = {isa = PBXFileReference; lastKnownFileType = sourcecode.swift; path = SceneDelegate.swift; sourceTree = "<group>"; };
		EE416A78245837FD00EACA0E /* ViewController.swift */ = {isa = PBXFileReference; lastKnownFileType = sourcecode.swift; path = ViewController.swift; sourceTree = "<group>"; };
		EE416A7B245837FD00EACA0E /* Base */ = {isa = PBXFileReference; lastKnownFileType = file.storyboard; name = Base; path = Base.lproj/Main.storyboard; sourceTree = "<group>"; };
		EE416A7D2458380200EACA0E /* Assets.xcassets */ = {isa = PBXFileReference; lastKnownFileType = folder.assetcatalog; path = Assets.xcassets; sourceTree = "<group>"; };
		EE416A802458380200EACA0E /* Base */ = {isa = PBXFileReference; lastKnownFileType = file.storyboard; name = Base; path = Base.lproj/LaunchScreen.storyboard; sourceTree = "<group>"; };
		EE416A822458380200EACA0E /* Info.plist */ = {isa = PBXFileReference; lastKnownFileType = text.plist.xml; path = Info.plist; sourceTree = "<group>"; };
		EE416A8E24585CCA00EACA0E /* UITableView+AutoScroll.swift */ = {isa = PBXFileReference; lastKnownFileType = sourcecode.swift; path = "UITableView+AutoScroll.swift"; sourceTree = "<group>"; };
/* End PBXFileReference section */

/* Begin PBXFrameworksBuildPhase section */
		EE416A6E245837FD00EACA0E /* Frameworks */ = {
			isa = PBXFrameworksBuildPhase;
			buildActionMask = 2147483647;
			files = (
			);
			runOnlyForDeploymentPostprocessing = 0;
		};
/* End PBXFrameworksBuildPhase section */

/* Begin PBXGroup section */
		EE416A68245837FD00EACA0E = {
			isa = PBXGroup;
			children = (
				EE416A73245837FD00EACA0E /* ShowMeCats */,
				EE416A72245837FD00EACA0E /* Products */,
			);
			sourceTree = "<group>";
		};
		EE416A72245837FD00EACA0E /* Products */ = {
			isa = PBXGroup;
			children = (
				EE416A71245837FD00EACA0E /* ShowMeCats.app */,
			);
			name = Products;
			sourceTree = "<group>";
		};
		EE416A73245837FD00EACA0E /* ShowMeCats */ = {
			isa = PBXGroup;
			children = (
				EE416A8D24585CAB00EACA0E /* UITableView+AutoScroll */,
				EE416A74245837FD00EACA0E /* AppDelegate.swift */,
				EE416A76245837FD00EACA0E /* SceneDelegate.swift */,
				EE416A78245837FD00EACA0E /* ViewController.swift */,
				EE416A7A245837FD00EACA0E /* Main.storyboard */,
				EE416A7D2458380200EACA0E /* Assets.xcassets */,
				EE416A7F2458380200EACA0E /* LaunchScreen.storyboard */,
				EE416A822458380200EACA0E /* Info.plist */,
			);
			path = ShowMeCats;
			sourceTree = "<group>";
		};
		EE416A8D24585CAB00EACA0E /* UITableView+AutoScroll */ = {
			isa = PBXGroup;
			children = (
				EE416A8E24585CCA00EACA0E /* UITableView+AutoScroll.swift */,
			);
			path = "UITableView+AutoScroll";
			sourceTree = "<group>";
		};
/* End PBXGroup section */

/* Begin PBXNativeTarget section */
		EE416A70245837FD00EACA0E /* ShowMeCats */ = {
			isa = PBXNativeTarget;
			buildConfigurationList = EE416A852458380200EACA0E /* Build configuration list for PBXNativeTarget "ShowMeCats" */;
			buildPhases = (
				EE416A6D245837FD00EACA0E /* Sources */,
				EE416A6E245837FD00EACA0E /* Frameworks */,
				EE416A6F245837FD00EACA0E /* Resources */,
			);
			buildRules = (
			);
			dependencies = (
			);
			name = ShowMeCats;
			productName = ShowMeCats;
			productReference = EE416A71245837FD00EACA0E /* ShowMeCats.app */;
			productType = "com.apple.product-type.application";
		};
/* End PBXNativeTarget section */

/* Begin PBXProject section */
		EE416A69245837FD00EACA0E /* Project object */ = {
			isa = PBXProject;
			attributes = {
				LastSwiftUpdateCheck = 1130;
				LastUpgradeCheck = 1130;
				ORGANIZATIONNAME = "Abhijeet Mishra";
				TargetAttributes = {
					EE416A70245837FD00EACA0E = {
						CreatedOnToolsVersion = 11.3.1;
					};
				};
			};
			buildConfigurationList = EE416A6C245837FD00EACA0E /* Build configuration list for PBXProject "ShowMeCats" */;
			compatibilityVersion = "Xcode 9.3";
			developmentRegion = en;
			hasScannedForEncodings = 0;
			knownRegions = (
				en,
				Base,
			);
			mainGroup = EE416A68245837FD00EACA0E;
			productRefGroup = EE416A72245837FD00EACA0E /* Products */;
			projectDirPath = "";
			projectRoot = "";
			targets = (
				EE416A70245837FD00EACA0E /* ShowMeCats */,
			);
		};
/* End PBXProject section */

/* Begin PBXResourcesBuildPhase section */
		EE416A6F245837FD00EACA0E /* Resources */ = {
			isa = PBXResourcesBuildPhase;
			buildActionMask = 2147483647;
			files = (
				EE416A812458380200EACA0E /* LaunchScreen.storyboard in Resources */,
				EE416A7E2458380200EACA0E /* Assets.xcassets in Resources */,
				EE416A7C245837FD00EACA0E /* Main.storyboard in Resources */,
			);
			runOnlyForDeploymentPostprocessing = 0;
		};
/* End PBXResourcesBuildPhase section */

/* Begin PBXSourcesBuildPhase section */
		EE416A6D245837FD00EACA0E /* Sources */ = {
			isa = PBXSourcesBuildPhase;
			buildActionMask = 2147483647;
			files = (
				EE416A79245837FD00EACA0E /* ViewController.swift in Sources */,
				EE416A75245837FD00EACA0E /* AppDelegate.swift in Sources */,
				EE416A8F24585CCA00EACA0E /* UITableView+AutoScroll.swift in Sources */,
				EE416A77245837FD00EACA0E /* SceneDelegate.swift in Sources */,
			);
			runOnlyForDeploymentPostprocessing = 0;
		};
/* End PBXSourcesBuildPhase section */

/* Begin PBXVariantGroup section */
		EE416A7A245837FD00EACA0E /* Main.storyboard */ = {
			isa = PBXVariantGroup;
			children = (
				EE416A7B245837FD00EACA0E /* Base */,
			);
			name = Main.storyboard;
			sourceTree = "<group>";
		};
		EE416A7F2458380200EACA0E /* LaunchScreen.storyboard */ = {
			isa = PBXVariantGroup;
			children = (
				EE416A802458380200EACA0E /* Base */,
			);
			name = LaunchScreen.storyboard;
			sourceTree = "<group>";
		};
/* End PBXVariantGroup section */

/* Begin XCBuildConfiguration section */
		EE416A832458380200EACA0E /* Debug */ = {
			isa = XCBuildConfiguration;
			buildSettings = {
				ALWAYS_SEARCH_USER_PATHS = NO;
				CLANG_ANALYZER_NONNULL = YES;
				CLANG_ANALYZER_NUMBER_OBJECT_CONVERSION = YES_AGGRESSIVE;
				CLANG_CXX_LANGUAGE_STANDARD = "gnu++14";
				CLANG_CXX_LIBRARY = "libc++";
				CLANG_ENABLE_MODULES = YES;
				CLANG_ENABLE_OBJC_ARC = YES;
				CLANG_ENABLE_OBJC_WEAK = YES;
				CLANG_WARN_BLOCK_CAPTURE_AUTORELEASING = YES;
				CLANG_WARN_BOOL_CONVERSION = YES;
				CLANG_WARN_COMMA = YES;
				CLANG_WARN_CONSTANT_CONVERSION = YES;
				CLANG_WARN_DEPRECATED_OBJC_IMPLEMENTATIONS = YES;
				CLANG_WARN_DIRECT_OBJC_ISA_USAGE = YES_ERROR;
				CLANG_WARN_DOCUMENTATION_COMMENTS = YES;
				CLANG_WARN_EMPTY_BODY = YES;
				CLANG_WARN_ENUM_CONVERSION = YES;
				CLANG_WARN_INFINITE_RECURSION = YES;
				CLANG_WARN_INT_CONVERSION = YES;
				CLANG_WARN_NON_LITERAL_NULL_CONVERSION = YES;
				CLANG_WARN_OBJC_IMPLICIT_RETAIN_SELF = YES;
				CLANG_WARN_OBJC_LITERAL_CONVERSION = YES;
				CLANG_WARN_OBJC_ROOT_CLASS = YES_ERROR;
				CLANG_WARN_RANGE_LOOP_ANALYSIS = YES;
				CLANG_WARN_STRICT_PROTOTYPES = YES;
				CLANG_WARN_SUSPICIOUS_MOVE = YES;
				CLANG_WARN_UNGUARDED_AVAILABILITY = YES_AGGRESSIVE;
				CLANG_WARN_UNREACHABLE_CODE = YES;
				CLANG_WARN__DUPLICATE_METHOD_MATCH = YES;
				COPY_PHASE_STRIP = NO;
				DEBUG_INFORMATION_FORMAT = dwarf;
				ENABLE_STRICT_OBJC_MSGSEND = YES;
				ENABLE_TESTABILITY = YES;
				GCC_C_LANGUAGE_STANDARD = gnu11;
				GCC_DYNAMIC_NO_PIC = NO;
				GCC_NO_COMMON_BLOCKS = YES;
				GCC_OPTIMIZATION_LEVEL = 0;
				GCC_PREPROCESSOR_DEFINITIONS = (
					"DEBUG=1",
					"$(inherited)",
				);
				GCC_WARN_64_TO_32_BIT_CONVERSION = YES;
				GCC_WARN_ABOUT_RETURN_TYPE = YES_ERROR;
				GCC_WARN_UNDECLARED_SELECTOR = YES;
				GCC_WARN_UNINITIALIZED_AUTOS = YES_AGGRESSIVE;
				GCC_WARN_UNUSED_FUNCTION = YES;
				GCC_WARN_UNUSED_VARIABLE = YES;
				IPHONEOS_DEPLOYMENT_TARGET = 13.2;
				MTL_ENABLE_DEBUG_INFO = INCLUDE_SOURCE;
				MTL_FAST_MATH = YES;
				ONLY_ACTIVE_ARCH = YES;
				SDKROOT = iphoneos;
				SWIFT_ACTIVE_COMPILATION_CONDITIONS = DEBUG;
				SWIFT_OPTIMIZATION_LEVEL = "-Onone";
			};
			name = Debug;
		};
		EE416A842458380200EACA0E /* Release */ = {
			isa = XCBuildConfiguration;
			buildSettings = {
				ALWAYS_SEARCH_USER_PATHS = NO;
				CLANG_ANALYZER_NONNULL = YES;
				CLANG_ANALYZER_NUMBER_OBJECT_CONVERSION = YES_AGGRESSIVE;
				CLANG_CXX_LANGUAGE_STANDARD = "gnu++14";
				CLANG_CXX_LIBRARY = "libc++";
				CLANG_ENABLE_MODULES = YES;
				CLANG_ENABLE_OBJC_ARC = YES;
				CLANG_ENABLE_OBJC_WEAK = YES;
				CLANG_WARN_BLOCK_CAPTURE_AUTORELEASING = YES;
				CLANG_WARN_BOOL_CONVERSION = YES;
				CLANG_WARN_COMMA = YES;
				CLANG_WARN_CONSTANT_CONVERSION = YES;
				CLANG_WARN_DEPRECATED_OBJC_IMPLEMENTATIONS = YES;
				CLANG_WARN_DIRECT_OBJC_ISA_USAGE = YES_ERROR;
				CLANG_WARN_DOCUMENTATION_COMMENTS = YES;
				CLANG_WARN_EMPTY_BODY = YES;
				CLANG_WARN_ENUM_CONVERSION = YES;
				CLANG_WARN_INFINITE_RECURSION = YES;
				CLANG_WARN_INT_CONVERSION = YES;
				CLANG_WARN_NON_LITERAL_NULL_CONVERSION = YES;
				CLANG_WARN_OBJC_IMPLICIT_RETAIN_SELF = YES;
				CLANG_WARN_OBJC_LITERAL_CONVERSION = YES;
				CLANG_WARN_OBJC_ROOT_CLASS = YES_ERROR;
				CLANG_WARN_RANGE_LOOP_ANALYSIS = YES;
				CLANG_WARN_STRICT_PROTOTYPES = YES;
				CLANG_WARN_SUSPICIOUS_MOVE = YES;
				CLANG_WARN_UNGUARDED_AVAILABILITY = YES_AGGRESSIVE;
				CLANG_WARN_UNREACHABLE_CODE = YES;
				CLANG_WARN__DUPLICATE_METHOD_MATCH = YES;
				COPY_PHASE_STRIP = NO;
				DEBUG_INFORMATION_FORMAT = "dwarf-with-dsym";
				ENABLE_NS_ASSERTIONS = NO;
				ENABLE_STRICT_OBJC_MSGSEND = YES;
				GCC_C_LANGUAGE_STANDARD = gnu11;
				GCC_NO_COMMON_BLOCKS = YES;
				GCC_WARN_64_TO_32_BIT_CONVERSION = YES;
				GCC_WARN_ABOUT_RETURN_TYPE = YES_ERROR;
				GCC_WARN_UNDECLARED_SELECTOR = YES;
				GCC_WARN_UNINITIALIZED_AUTOS = YES_AGGRESSIVE;
				GCC_WARN_UNUSED_FUNCTION = YES;
				GCC_WARN_UNUSED_VARIABLE = YES;
				IPHONEOS_DEPLOYMENT_TARGET = 13.2;
				MTL_ENABLE_DEBUG_INFO = NO;
				MTL_FAST_MATH = YES;
				SDKROOT = iphoneos;
				SWIFT_COMPILATION_MODE = wholemodule;
				SWIFT_OPTIMIZATION_LEVEL = "-O";
				VALIDATE_PRODUCT = YES;
			};
			name = Release;
		};
		EE416A862458380200EACA0E /* Debug */ = {
			isa = XCBuildConfiguration;
			buildSettings = {
				ASSETCATALOG_COMPILER_APPICON_NAME = AppIcon;
				CODE_SIGN_STYLE = Automatic;
				DEVELOPMENT_TEAM = 7G4HHVAG9A;
				INFOPLIST_FILE = ShowMeCats/Info.plist;
				LD_RUNPATH_SEARCH_PATHS = (
					"$(inherited)",
					"@executable_path/Frameworks",
				);
				PRODUCT_BUNDLE_IDENTIFIER = com.abdextrous.ShowMeCats;
				PRODUCT_NAME = "$(TARGET_NAME)";
				SWIFT_VERSION = 5.0;
				TARGETED_DEVICE_FAMILY = "1,2";
			};
			name = Debug;
		};
		EE416A872458380200EACA0E /* Release */ = {
			isa = XCBuildConfiguration;
			buildSettings = {
				ASSETCATALOG_COMPILER_APPICON_NAME = AppIcon;
				CODE_SIGN_STYLE = Automatic;
				DEVELOPMENT_TEAM = 7G4HHVAG9A;
				INFOPLIST_FILE = ShowMeCats/Info.plist;
				LD_RUNPATH_SEARCH_PATHS = (
					"$(inherited)",
					"@executable_path/Frameworks",
				);
				PRODUCT_BUNDLE_IDENTIFIER = com.abdextrous.ShowMeCats;
				PRODUCT_NAME = "$(TARGET_NAME)";
				SWIFT_VERSION = 5.0;
				TARGETED_DEVICE_FAMILY = "1,2";
			};
			name = Release;
		};
/* End XCBuildConfiguration section */

/* Begin XCConfigurationList section */
		EE416A6C245837FD00EACA0E /* Build configuration list for PBXProject "ShowMeCats" */ = {
			isa = XCConfigurationList;
			buildConfigurations = (
				EE416A832458380200EACA0E /* Debug */,
				EE416A842458380200EACA0E /* Release */,
			);
			defaultConfigurationIsVisible = 0;
			defaultConfigurationName = Release;
		};
		EE416A852458380200EACA0E /* Build configuration list for PBXNativeTarget "ShowMeCats" */ = {
			isa = XCConfigurationList;
			buildConfigurations = (
				EE416A862458380200EACA0E /* Debug */,
				EE416A872458380200EACA0E /* Release */,
			);
			defaultConfigurationIsVisible = 0;
			defaultConfigurationName = Release;
		};
/* End XCConfigurationList section */
	};
	rootObject = EE416A69245837FD00EACA0E /* Project object */;
}
